
Microsoft Visual Studio Solution File, Format Version 12.00
# Visual Studio Version 17
VisualStudioVersion = 17.8.34511.84
MinimumVisualStudioVersion = 10.0.40219.1
Project("{FAE04EC0-301F-11D3-BF4B-00C04F79EFBC}") = "Supershop", "Supershop.csproj", "{A25EEEBE-8F53-4F27-8F33-C0CDA29C209A}"
EndProject
Global
	GlobalSection(SolutionConfigurationPlatforms) = preSolution
		Debug|Any CPU = Debug|Any CPU
		Release|Any CPU = Release|Any CPU
	EndGlobalSection
	GlobalSection(ProjectConfigurationPlatforms) = postSolution
		{A25EEEBE-8F53-4F27-8F33-C0CDA29C209A}.Debug|Any CPU.ActiveCfg = Debug|Any CPU
		{A25EEEBE-8F53-4F27-8F33-C0CDA29C209A}.Debug|Any CPU.Build.0 = Debug|Any CPU
		{A25EEEBE-8F53-4F27-8F33-C0CDA29C209A}.Release|Any CPU.ActiveCfg = Release|Any CPU
		{A25EEEBE-8F53-4F27-8F33-C0CDA29C209A}.Release|Any CPU.Build.0 = Release|Any CPU
	EndGlobalSection
	GlobalSection(SolutionProperties) = preSolution
		HideSolutionNode = FALSE
	EndGlobalSection
	GlobalSection(ExtensibilityGlobals) = postSolution
		SolutionGuid = {C2C704CC-4840-435F-92A1-6A4B734A40CD}
	EndGlobalSection
EndGlobal
